// !$*UTF8*$!
{
	archiveVersion = 1;
	classes = {
	};
	objectVersion = 77;
	objects = {

/* Begin PBXBuildFile section */
		BEE63BC22FA05FCE002CF39C /* FirebaseAuth in Frameworks */ = {isa = PBXBuildFile; productRef = BEE63BC12FA05FCE002CF39C /* FirebaseAuth */; };
		BEE63BC42FA05FD4002CF39C /* FirebaseFirestore in Frameworks */ = {isa = PBXBuildFile; productRef = BEE63BC32FA05FD4002CF39C /* FirebaseFirestore */; };
		BEE63BC62FA05FE5002CF39C /* FirebaseFunctions in Frameworks */ = {isa = PBXBuildFile; productRef = BEE63BC52FA05FE5002CF39C /* FirebaseFunctions */; };
		BEE63CC72FA0684E002CF39C /* abseil in Frameworks */ = {isa = PBXBuildFile; productRef = BEE63BD22FA10002002CF39C /* abseil */; };
		BEE63CC82FA0684E002CF39C /* gRPC-C++ in Frameworks */ = {isa = PBXBuildFile; productRef = BEE63BD32FA10003002CF39C /* gRPC-C++ */; };
		BEE63D032FA20003002CF39C /* StewardCore in Frameworks */ = {isa = PBXBuildFile; productRef = BEE63D012FA20001002CF39C /* StewardCore */; };
		BEE63D042FA20004002CF39C /* StewardCore in Frameworks */ = {isa = PBXBuildFile; productRef = BEE63D022FA20002002CF39C /* StewardCore */; };
/* End PBXBuildFile section */

/* Begin PBXFileReference section */
		BEE63B722FA04C99002CF39C /* steward-ios.app */ = {isa = PBXFileReference; explicitFileType = wrapper.application; includeInIndex = 0; path = "steward-ios.app"; sourceTree = BUILT_PRODUCTS_DIR; };
		BEE63BB32FA05E11002CF39C /* StewardTests.xctest */ = {isa = PBXFileReference; explicitFileType = wrapper.cfbundle; includeInIndex = 0; path = StewardTests.xctest; sourceTree = BUILT_PRODUCTS_DIR; };
/* End PBXFileReference section */

/* Begin PBXFileSystemSynchronizedRootGroup section */
		BEE63B742FA04C99002CF39C /* steward-ios */ = {
			isa = PBXFileSystemSynchronizedRootGroup;
			path = "steward-ios";
			sourceTree = "<group>";
		};
		BEE63BB42FA05E11002CF39C /* StewardTests */ = {
			isa = PBXFileSystemSynchronizedRootGroup;
			path = StewardTests;
			sourceTree = "<group>";
		};
/* End PBXFileSystemSynchronizedRootGroup section */

/* Begin PBXFrameworksBuildPhase section */
		BEE63B6F2FA04C99002CF39C /* Frameworks */ = {
			isa = PBXFrameworksBuildPhase;
			buildActionMask = 2147483647;
			files = (
				BEE63CC82FA0684E002CF39C /* gRPC-C++ in Frameworks */,
				BEE63CC72FA0684E002CF39C /* abseil in Frameworks */,
				BEE63BC62FA05FE5002CF39C /* FirebaseFunctions in Frameworks */,
				BEE63BC22FA05FCE002CF39C /* FirebaseAuth in Frameworks */,
				BEE63BC42FA05FD4002CF39C /* FirebaseFirestore in Frameworks */,
				BEE63D032FA20003002CF39C /* StewardCore in Frameworks */,
			);
			runOnlyForDeploymentPostprocessing = 0;
		};
		BEE63BB02FA05E11002CF39C /* Frameworks */ = {
			isa = PBXFrameworksBuildPhase;
			buildActionMask = 2147483647;
			files = (
				BEE63D042FA20004002CF39C /* StewardCore in Frameworks */,
			);
			runOnlyForDeploymentPostprocessing = 0;
		};
/* End PBXFrameworksBuildPhase section */

/* Begin PBXGroup section */
		BEE63B692FA04C99002CF39C = {
			isa = PBXGroup;
			children = (
				BEE63B742FA04C99002CF39C /* steward-ios */,
				BEE63BB42FA05E11002CF39C /* StewardTests */,
				BEE63BC02FA05FCE002CF39C /* Frameworks */,
				BEE63B732FA04C99002CF39C /* Products */,
			);
			sourceTree = "<group>";
		};
		BEE63B732FA04C99002CF39C /* Products */ = {
			isa = PBXGroup;
			children = (
				BEE63B722FA04C99002CF39C /* steward-ios.app */,
				BEE63BB32FA05E11002CF39C /* StewardTests.xctest */,
			);
			name = Products;
			sourceTree = "<group>";
		};
		BEE63BC02FA05FCE002CF39C /* Frameworks */ = {
			isa = PBXGroup;
			children = (
			);
			name = Frameworks;
			sourceTree = "<group>";
		};
/* End PBXGroup section */

/* Begin PBXNativeTarget section */
		BEE63B712FA04C99002CF39C /* steward-ios */ = {
			isa = PBXNativeTarget;
			buildConfigurationList = BEE63B7D2FA04C9A002CF39C /* Build configuration list for PBXNativeTarget "steward-ios" */;
			buildPhases = (
				BEE63B6E2FA04C99002CF39C /* Sources */,
				BEE63B6F2FA04C99002CF39C /* Frameworks */,
				BEE63B702FA04C99002CF39C /* Resources */,
			);
			buildRules = (
			);
			dependencies = (
			);
			fileSystemSynchronizedGroups = (
				BEE63B742FA04C99002CF39C /* steward-ios */,
			);
			name = "steward-ios";
			packageProductDependencies = (
				BEE63BC12FA05FCE002CF39C /* FirebaseAuth */,
				BEE63BC32FA05FD4002CF39C /* FirebaseFirestore */,
				BEE63BC52FA05FE5002CF39C /* FirebaseFunctions */,
				BEE63BD22FA10002002CF39C /* abseil */,
				BEE63BD32FA10003002CF39C /* gRPC-C++ */,
				BEE63D012FA20001002CF39C /* StewardCore */,
			);
			productName = "steward-ios";
			productReference = BEE63B722FA04C99002CF39C /* steward-ios.app */;
			productType = "com.apple.product-type.application";
		};
		BEE63BB22FA05E11002CF39C /* StewardTests */ = {
			isa = PBXNativeTarget;
			buildConfigurationList = BEE63BB92FA05E11002CF39C /* Build configuration list for PBXNativeTarget "StewardTests" */;
			buildPhases = (
				BEE63BAF2FA05E11002CF39C /* Sources */,
				BEE63BB02FA05E11002CF39C /* Frameworks */,
				BEE63BB12FA05E11002CF39C /* Resources */,
			);
			buildRules = (
			);
			dependencies = (
			);
			fileSystemSynchronizedGroups = (
				BEE63BB42FA05E11002CF39C /* StewardTests */,
			);
			name = StewardTests;
			packageProductDependencies = (
				BEE63D022FA20002002CF39C /* StewardCore */,
			);
			productName = StewardTests;
			productReference = BEE63BB32FA05E11002CF39C /* StewardTests.xctest */;
			productType = "com.apple.product-type.bundle.unit-test";
		};
/* End PBXNativeTarget section */

/* Begin PBXProject section */
		BEE63B6A2FA04C99002CF39C /* Project object */ = {
			isa = PBXProject;
			attributes = {
				BuildIndependentTargetsInParallel = 1;
				LastSwiftUpdateCheck = 2640;
				LastUpgradeCheck = 2640;
				TargetAttributes = {
					BEE63B712FA04C99002CF39C = {
						CreatedOnToolsVersion = 26.4.1;
					};
					BEE63BB22FA05E11002CF39C = {
						CreatedOnToolsVersion = 26.4.1;
						TestTargetID = BEE63B712FA04C99002CF39C;
					};
				};
			};
			buildConfigurationList = BEE63B6D2FA04C99002CF39C /* Build configuration list for PBXProject "steward-ios" */;
			developmentRegion = en;
			hasScannedForEncodings = 0;
			knownRegions = (
				en,
				Base,
			);
			mainGroup = BEE63B692FA04C99002CF39C;
			minimizedProjectReferenceProxies = 1;
			packageReferences = (
				BEE63BAE2FA05D50002CF39C /* XCRemoteSwiftPackageReference "firebase-ios-sdk" */,
				BEE63BD02FA10000002CF39C /* XCRemoteSwiftPackageReference "abseil-cpp-binary" */,
				BEE63BD12FA10001002CF39C /* XCRemoteSwiftPackageReference "grpc-binary" */,
				BEE63D002FA20000002CF39C /* XCLocalSwiftPackageReference "LocalPackages/StewardCore" */,
			);
			preferredProjectObjectVersion = 77;
			productRefGroup = BEE63B732FA04C99002CF39C /* Products */;
			projectDirPath = "";
			projectRoot = "";
			targets = (
				BEE63B712FA04C99002CF39C /* steward-ios */,
				BEE63BB22FA05E11002CF39C /* StewardTests */,
			);
		};
/* End PBXProject section */

/* Begin PBXResourcesBuildPhase section */
		BEE63B702FA04C99002CF39C /* Resources */ = {
			isa = PBXResourcesBuildPhase;
			buildActionMask = 2147483647;
			files = (
			);
			runOnlyForDeploymentPostprocessing = 0;
		};
		BEE63BB12FA05E11002CF39C /* Resources */ = {
			isa = PBXResourcesBuildPhase;
			buildActionMask = 2147483647;
			files = (
			);
			runOnlyForDeploymentPostprocessing = 0;
		};
/* End PBXResourcesBuildPhase section */

/* Begin PBXSourcesBuildPhase section */
		BEE63B6E2FA04C99002CF39C /* Sources */ = {
			isa = PBXSourcesBuildPhase;
			buildActionMask = 2147483647;
			files = (
			);
			runOnlyForDeploymentPostprocessing = 0;
		};
		BEE63BAF2FA05E11002CF39C /* Sources */ = {
			isa = PBXSourcesBuildPhase;
			buildActionMask = 2147483647;
			files = (
			);
			runOnlyForDeploymentPostprocessing = 0;
		};
/* End PBXSourcesBuildPhase section */

/* Begin XCBuildConfiguration section */
		BEE63B7B2FA04C9A002CF39C /* Debug */ = {
			isa = XCBuildConfiguration;
			buildSettings = {
				ALWAYS_SEARCH_USER_PATHS = NO;
				ASSETCATALOG_COMPILER_GENERATE_SWIFT_ASSET_SYMBOL_EXTENSIONS = YES;
				CLANG_ANALYZER_NONNULL = YES;
				CLANG_ANALYZER_NUMBER_OBJECT_CONVERSION = YES_AGGRESSIVE;
				CLANG_CXX_LANGUAGE_STANDARD = "gnu++20";
				CLANG_ENABLE_MODULES = YES;
				CLANG_ENABLE_OBJC_ARC = YES;
				CLANG_ENABLE_OBJC_WEAK = YES;
				CLANG_WARN_BLOCK_CAPTURE_AUTORELEASING = YES;
				CLANG_WARN_BOOL_CONVERSION = YES;
				CLANG_WARN_COMMA = YES;
				CLANG_WARN_CONSTANT_CONVERSION = YES;
				CLANG_WARN_DEPRECATED_OBJC_IMPLEMENTATIONS = YES;
				CLANG_WARN_DIRECT_OBJC_ISA_USAGE = YES_ERROR;
				CLANG_WARN_DOCUMENTATION_COMMENTS = YES;
				CLANG_WARN_EMPTY_BODY = YES;
				CLANG_WARN_ENUM_CONVERSION = YES;
				CLANG_WARN_INFINITE_RECURSION = YES;
				CLANG_WARN_INT_CONVERSION = YES;
				CLANG_WARN_NON_LITERAL_NULL_CONVERSION = YES;
				CLANG_WARN_OBJC_IMPLICIT_RETAIN_SELF = YES;
				CLANG_WARN_OBJC_LITERAL_CONVERSION = YES;
				CLANG_WARN_OBJC_ROOT_CLASS = YES_ERROR;
				CLANG_WARN_QUOTED_INCLUDE_IN_FRAMEWORK_HEADER = YES;
				CLANG_WARN_RANGE_LOOP_ANALYSIS = YES;
				CLANG_WARN_STRICT_PROTOTYPES = YES;
				CLANG_WARN_SUSPICIOUS_MOVE = YES;
				CLANG_WARN_UNGUARDED_AVAILABILITY = YES_AGGRESSIVE;
				CLANG_WARN_UNREACHABLE_CODE = YES;
				CLANG_WARN__DUPLICATE_METHOD_MATCH = YES;
				COPY_PHASE_STRIP = NO;
				DEBUG_INFORMATION_FORMAT = dwarf;
				DEVELOPMENT_TEAM = 49AC3WCTNX;
				ENABLE_STRICT_OBJC_MSGSEND = YES;
				ENABLE_TESTABILITY = YES;
				ENABLE_USER_SCRIPT_SANDBOXING = YES;
				GCC_C_LANGUAGE_STANDARD = gnu17;
				GCC_DYNAMIC_NO_PIC = NO;
				GCC_NO_COMMON_BLOCKS = YES;
				GCC_OPTIMIZATION_LEVEL = 0;
				GCC_PREPROCESSOR_DEFINITIONS = (
					"DEBUG=1",
					"$(inherited)",
				);
				GCC_WARN_64_TO_32_BIT_CONVERSION = YES;
				GCC_WARN_ABOUT_RETURN_TYPE = YES_ERROR;
				GCC_WARN_UNDECLARED_SELECTOR = YES;
				GCC_WARN_UNINITIALIZED_AUTOS = YES_AGGRESSIVE;
				GCC_WARN_UNUSED_FUNCTION = YES;
				GCC_WARN_UNUSED_VARIABLE = YES;
				IPHONEOS_DEPLOYMENT_TARGET = 26.4;
				LOCALIZATION_PREFERS_STRING_CATALOGS = YES;
				MTL_ENABLE_DEBUG_INFO = INCLUDE_SOURCE;
				MTL_FAST_MATH = YES;
				ONLY_ACTIVE_ARCH = YES;
				SDKROOT = iphoneos;
				SWIFT_ACTIVE_COMPILATION_CONDITIONS = "DEBUG $(inherited)";
				SWIFT_OPTIMIZATION_LEVEL = "-Onone";
			};
			name = Debug;
		};
		BEE63B7C2FA04C9A002CF39C /* Release */ = {
			isa = XCBuildConfiguration;
			buildSettings = {
				ALWAYS_SEARCH_USER_PATHS = NO;
				ASSETCATALOG_COMPILER_GENERATE_SWIFT_ASSET_SYMBOL_EXTENSIONS = YES;
				CLANG_ANALYZER_NONNULL = YES;
				CLANG_ANALYZER_NUMBER_OBJECT_CONVERSION = YES_AGGRESSIVE;
				CLANG_CXX_LANGUAGE_STANDARD = "gnu++20";
				CLANG_ENABLE_MODULES = YES;
				CLANG_ENABLE_OBJC_ARC = YES;
				CLANG_ENABLE_OBJC_WEAK = YES;
				CLANG_WARN_BLOCK_CAPTURE_AUTORELEASING = YES;
				CLANG_WARN_BOOL_CONVERSION = YES;
				CLANG_WARN_COMMA = YES;
				CLANG_WARN_CONSTANT_CONVERSION = YES;
				CLANG_WARN_DEPRECATED_OBJC_IMPLEMENTATIONS = YES;
				CLANG_WARN_DIRECT_OBJC_ISA_USAGE = YES_ERROR;
				CLANG_WARN_DOCUMENTATION_COMMENTS = YES;
				CLANG_WARN_EMPTY_BODY = YES;
				CLANG_WARN_ENUM_CONVERSION = YES;
				CLANG_WARN_INFINITE_RECURSION = YES;
				CLANG_WARN_INT_CONVERSION = YES;
				CLANG_WARN_NON_LITERAL_NULL_CONVERSION = YES;
				CLANG_WARN_OBJC_IMPLICIT_RETAIN_SELF = YES;
				CLANG_WARN_OBJC_LITERAL_CONVERSION = YES;
				CLANG_WARN_OBJC_ROOT_CLASS = YES_ERROR;
				CLANG_WARN_QUOTED_INCLUDE_IN_FRAMEWORK_HEADER = YES;
				CLANG_WARN_RANGE_LOOP_ANALYSIS = YES;
				CLANG_WARN_STRICT_PROTOTYPES = YES;
				CLANG_WARN_SUSPICIOUS_MOVE = YES;
				CLANG_WARN_UNGUARDED_AVAILABILITY = YES_AGGRESSIVE;
				CLANG_WARN_UNREACHABLE_CODE = YES;
				CLANG_WARN__DUPLICATE_METHOD_MATCH = YES;
				COPY_PHASE_STRIP = NO;
				DEBUG_INFORMATION_FORMAT = "dwarf-with-dsym";
				DEVELOPMENT_TEAM = 49AC3WCTNX;
				ENABLE_NS_ASSERTIONS = NO;
				ENABLE_STRICT_OBJC_MSGSEND = YES;
				ENABLE_USER_SCRIPT_SANDBOXING = YES;
				GCC_C_LANGUAGE_STANDARD = gnu17;
				GCC_NO_COMMON_BLOCKS = YES;
				GCC_WARN_64_TO_32_BIT_CONVERSION = YES;
				GCC_WARN_ABOUT_RETURN_TYPE = YES_ERROR;
				GCC_WARN_UNDECLARED_SELECTOR = YES;
				GCC_WARN_UNINITIALIZED_AUTOS = YES_AGGRESSIVE;
				GCC_WARN_UNUSED_FUNCTION = YES;
				GCC_WARN_UNUSED_VARIABLE = YES;
				IPHONEOS_DEPLOYMENT_TARGET = 26.4;
				LOCALIZATION_PREFERS_STRING_CATALOGS = YES;
				MTL_ENABLE_DEBUG_INFO = NO;
				MTL_FAST_MATH = YES;
				SDKROOT = iphoneos;
				SWIFT_COMPILATION_MODE = wholemodule;
				VALIDATE_PRODUCT = YES;
			};
			name = Release;
		};
		BEE63B7E2FA04C9A002CF39C /* Debug */ = {
			isa = XCBuildConfiguration;
			buildSettings = {
				ASSETCATALOG_COMPILER_APPICON_NAME = AppIcon;
				ASSETCATALOG_COMPILER_GLOBAL_ACCENT_COLOR_NAME = AccentColor;
				CODE_SIGN_ENTITLEMENTS = "steward-ios.entitlements";
				CODE_SIGN_STYLE = Automatic;
				CURRENT_PROJECT_VERSION = 1;
				DEVELOPMENT_TEAM = 49AC3WCTNX;
				ENABLE_PREVIEWS = YES;
				GENERATE_INFOPLIST_FILE = NO;
				INFOPLIST_FILE = Info.plist;
				LD_RUNPATH_SEARCH_PATHS = (
					"$(inherited)",
					"@executable_path/Frameworks",
				);
				MARKETING_VERSION = 1.0;
				PRODUCT_BUNDLE_IDENTIFIER = "ca.thevincistudios.steward-ios";
				PRODUCT_NAME = "$(TARGET_NAME)";
				STRING_CATALOG_GENERATE_SYMBOLS = YES;
				SWIFT_APPROACHABLE_CONCURRENCY = YES;
				SWIFT_DEFAULT_ACTOR_ISOLATION = MainActor;
				SWIFT_EMIT_LOC_STRINGS = YES;
				SWIFT_UPCOMING_FEATURE_MEMBER_IMPORT_VISIBILITY = YES;
				SWIFT_VERSION = 5.0;
				TARGETED_DEVICE_FAMILY = "1,2";
			};
			name = Debug;
		};
		BEE63B7F2FA04C9A002CF39C /* Release */ = {
			isa = XCBuildConfiguration;
			buildSettings = {
				ASSETCATALOG_COMPILER_APPICON_NAME = AppIcon;
				ASSETCATALOG_COMPILER_GLOBAL_ACCENT_COLOR_NAME = AccentColor;
				CODE_SIGN_ENTITLEMENTS = "steward-ios.entitlements";
				CODE_SIGN_STYLE = Automatic;
				CURRENT_PROJECT_VERSION = 1;
				DEVELOPMENT_TEAM = 49AC3WCTNX;
				ENABLE_PREVIEWS = YES;
				GENERATE_INFOPLIST_FILE = NO;
				INFOPLIST_FILE = Info.plist;
				LD_RUNPATH_SEARCH_PATHS = (
					"$(inherited)",
					"@executable_path/Frameworks",
				);
				MARKETING_VERSION = 1.0;
				PRODUCT_BUNDLE_IDENTIFIER = "ca.thevincistudios.steward-ios";
				PRODUCT_NAME = "$(TARGET_NAME)";
				STRING_CATALOG_GENERATE_SYMBOLS = YES;
				SWIFT_APPROACHABLE_CONCURRENCY = YES;
				SWIFT_DEFAULT_ACTOR_ISOLATION = MainActor;
				SWIFT_EMIT_LOC_STRINGS = YES;
				SWIFT_UPCOMING_FEATURE_MEMBER_IMPORT_VISIBILITY = YES;
				SWIFT_VERSION = 5.0;
				TARGETED_DEVICE_FAMILY = "1,2";
			};
			name = Release;
		};
		BEE63BBA2FA05E11002CF39C /* Debug */ = {
			isa = XCBuildConfiguration;
			buildSettings = {
				CODE_SIGN_STYLE = Automatic;
				CURRENT_PROJECT_VERSION = 1;
				DEVELOPMENT_TEAM = 49AC3WCTNX;
				GENERATE_INFOPLIST_FILE = YES;
				MARKETING_VERSION = 1.0;
				PRODUCT_BUNDLE_IDENTIFIER = ca.thevincistudios.StewardTests;
				PRODUCT_NAME = "$(TARGET_NAME)";
				STRING_CATALOG_GENERATE_SYMBOLS = NO;
				SWIFT_APPROACHABLE_CONCURRENCY = YES;
				SWIFT_EMIT_LOC_STRINGS = NO;
				SWIFT_UPCOMING_FEATURE_MEMBER_IMPORT_VISIBILITY = YES;
				SWIFT_VERSION = 5.0;
				TARGETED_DEVICE_FAMILY = "1,2";
			};
			name = Debug;
		};
		BEE63BBB2FA05E11002CF39C /* Release */ = {
			isa = XCBuildConfiguration;
			buildSettings = {
				CODE_SIGN_STYLE = Automatic;
				CURRENT_PROJECT_VERSION = 1;
				DEVELOPMENT_TEAM = 49AC3WCTNX;
				GENERATE_INFOPLIST_FILE = YES;
				MARKETING_VERSION = 1.0;
				PRODUCT_BUNDLE_IDENTIFIER = ca.thevincistudios.StewardTests;
				PRODUCT_NAME = "$(TARGET_NAME)";
				STRING_CATALOG_GENERATE_SYMBOLS = NO;
				SWIFT_APPROACHABLE_CONCURRENCY = YES;
				SWIFT_EMIT_LOC_STRINGS = NO;
				SWIFT_UPCOMING_FEATURE_MEMBER_IMPORT_VISIBILITY = YES;
				SWIFT_VERSION = 5.0;
				TARGETED_DEVICE_FAMILY = "1,2";
			};
			name = Release;
		};
/* End XCBuildConfiguration section */

/* Begin XCConfigurationList section */
		BEE63B6D2FA04C99002CF39C /* Build configuration list for PBXProject "steward-ios" */ = {
			isa = XCConfigurationList;
			buildConfigurations = (
				BEE63B7B2FA04C9A002CF39C /* Debug */,
				BEE63B7C2FA04C9A002CF39C /* Release */,
			);
			defaultConfigurationIsVisible = 0;
			defaultConfigurationName = Release;
		};
		BEE63B7D2FA04C9A002CF39C /* Build configuration list for PBXNativeTarget "steward-ios" */ = {
			isa = XCConfigurationList;
			buildConfigurations = (
				BEE63B7E2FA04C9A002CF39C /* Debug */,
				BEE63B7F2FA04C9A002CF39C /* Release */,
			);
			defaultConfigurationIsVisible = 0;
			defaultConfigurationName = Release;
		};
		BEE63BB92FA05E11002CF39C /* Build configuration list for PBXNativeTarget "StewardTests" */ = {
			isa = XCConfigurationList;
			buildConfigurations = (
				BEE63BBA2FA05E11002CF39C /* Debug */,
				BEE63BBB2FA05E11002CF39C /* Release */,
			);
			defaultConfigurationIsVisible = 0;
			defaultConfigurationName = Release;
		};
/* End XCConfigurationList section */

/* Begin XCLocalSwiftPackageReference section */
		BEE63D002FA20000002CF39C /* XCLocalSwiftPackageReference "LocalPackages/StewardCore" */ = {
			isa = XCLocalSwiftPackageReference;
			relativePath = LocalPackages/StewardCore;
		};
/* End XCLocalSwiftPackageReference section */

/* Begin XCRemoteSwiftPackageReference section */
		BEE63BAE2FA05D50002CF39C /* XCRemoteSwiftPackageReference "firebase-ios-sdk" */ = {
			isa = XCRemoteSwiftPackageReference;
			repositoryURL = "https://github.com/firebase/firebase-ios-sdk";
			requirement = {
				kind = exactVersion;
				version = 12.12.1;
			};
		};
		BEE63BD02FA10000002CF39C /* XCRemoteSwiftPackageReference "abseil-cpp-binary" */ = {
			isa = XCRemoteSwiftPackageReference;
			repositoryURL = "https://github.com/google/abseil-cpp-binary.git";
			requirement = {
				kind = exactVersion;
				version = 1.2024072200.0;
			};
		};
		BEE63BD12FA10001002CF39C /* XCRemoteSwiftPackageReference "grpc-binary" */ = {
			isa = XCRemoteSwiftPackageReference;
			repositoryURL = "https://github.com/google/grpc-binary.git";
			requirement = {
				kind = exactVersion;
				version = 1.69.1;
			};
		};
/* End XCRemoteSwiftPackageReference section */

/* Begin XCSwiftPackageProductDependency section */
		BEE63BC12FA05FCE002CF39C /* FirebaseAuth */ = {
			isa = XCSwiftPackageProductDependency;
			package = BEE63BAE2FA05D50002CF39C /* XCRemoteSwiftPackageReference "firebase-ios-sdk" */;
			productName = FirebaseAuth;
		};
		BEE63BC32FA05FD4002CF39C /* FirebaseFirestore */ = {
			isa = XCSwiftPackageProductDependency;
			package = BEE63BAE2FA05D50002CF39C /* XCRemoteSwiftPackageReference "firebase-ios-sdk" */;
			productName = FirebaseFirestore;
		};
		BEE63BC52FA05FE5002CF39C /* FirebaseFunctions */ = {
			isa = XCSwiftPackageProductDependency;
			package = BEE63BAE2FA05D50002CF39C /* XCRemoteSwiftPackageReference "firebase-ios-sdk" */;
			productName = FirebaseFunctions;
		};
		BEE63BD22FA10002002CF39C /* abseil */ = {
			isa = XCSwiftPackageProductDependency;
			package = BEE63BD02FA10000002CF39C /* XCRemoteSwiftPackageReference "abseil-cpp-binary" */;
			productName = abseil;
		};
		BEE63BD32FA10003002CF39C /* gRPC-C++ */ = {
			isa = XCSwiftPackageProductDependency;
			package = BEE63BD12FA10001002CF39C /* XCRemoteSwiftPackageReference "grpc-binary" */;
			productName = "gRPC-C++";
		};
		BEE63D012FA20001002CF39C /* StewardCore */ = {
			isa = XCSwiftPackageProductDependency;
			productName = StewardCore;
		};
		BEE63D022FA20002002CF39C /* StewardCore */ = {
			isa = XCSwiftPackageProductDependency;
			productName = StewardCore;
		};
/* End XCSwiftPackageProductDependency section */
	};
	rootObject = BEE63B6A2FA04C99002CF39C /* Project object */;
}
